
Microsoft Visual Studio Solution File, Format Version 12.00
# Visual Studio 2012
Project("{6141683F-8A12-4E36-9623-2EB02B2C2303}") = "Setup1_minimark", "Setup1_minimark\Setup1_minimark.isproj", "{BBFF8DD4-FB49-4ED6-B574-D25BEDEF2ABA}"
EndProject
Global
	GlobalSection(SolutionConfigurationPlatforms) = preSolution
		CD_ROM|Default = CD_ROM|Default
		DVD-5|Default = DVD-5|Default
		SingleImage|Default = SingleImage|Default
	EndGlobalSection
	GlobalSection(ProjectConfigurationPlatforms) = postSolution
		{BBFF8DD4-FB49-4ED6-B574-D25BEDEF2ABA}.CD_ROM|Default.ActiveCfg = CD_ROM
		{BBFF8DD4-FB49-4ED6-B574-D25BEDEF2ABA}.CD_ROM|Default.Build.0 = CD_ROM
		{BBFF8DD4-FB49-4ED6-B574-D25BEDEF2ABA}.DVD-5|Default.ActiveCfg = DVD-5
		{BBFF8DD4-FB49-4ED6-B574-D25BEDEF2ABA}.DVD-5|Default.Build.0 = DVD-5
		{BBFF8DD4-FB49-4ED6-B574-D25BEDEF2ABA}.SingleImage|Default.ActiveCfg = SingleImage
		{BBFF8DD4-FB49-4ED6-B574-D25BEDEF2ABA}.SingleImage|Default.Build.0 = SingleImage
	EndGlobalSection
	GlobalSection(SolutionProperties) = preSolution
		HideSolutionNode = FALSE
	EndGlobalSection
EndGlobal
